// !$*UTF8*$!
{
	archiveVersion = 1;
	classes = {
	};
	objectVersion = 46;
	objects = {

/* Begin PBXBuildFile section */
		D32421491BBBD2A300ABC598 /* AppDelegate.swift in Sources */ = {isa = PBXBuildFile; fileRef = D32421481BBBD2A300ABC598 /* AppDelegate.swift */; };
		D324214B1BBBD2A300ABC598 /* ViewController.swift in Sources */ = {isa = PBXBuildFile; fileRef = D324214A1BBBD2A300ABC598 /* ViewController.swift */; };
		D324214E1BBBD2A300ABC598 /* Main.storyboard in Resources */ = {isa = PBXBuildFile; fileRef = D324214C1BBBD2A300ABC598 /* Main.storyboard */; };
		D32421501BBBD2A300ABC598 /* Assets.xcassets in Resources */ = {isa = PBXBuildFile; fileRef = D324214F1BBBD2A300ABC598 /* Assets.xcassets */; };
		D32421531BBBD2A300ABC598 /* LaunchScreen.storyboard in Resources */ = {isa = PBXBuildFile; fileRef = D32421511BBBD2A300ABC598 /* LaunchScreen.storyboard */; };
		D33FE4591BBE6DCC00214CA3 /* UdacityIdentity.png in Resources */ = {isa = PBXBuildFile; fileRef = D33FE4581BBE6DCB00214CA3 /* UdacityIdentity.png */; settings = {ASSET_TAGS = (); }; };
		D3E61F251BC65570004F4D53 /* FBSDKCoreKit.framework in Frameworks */ = {isa = PBXBuildFile; fileRef = D3E61F241BC6556F004F4D53 /* FBSDKCoreKit.framework */; settings = {ASSET_TAGS = (); }; };
		D3E61F271BC659E5004F4D53 /* FBSDKLoginKit.framework in Frameworks */ = {isa = PBXBuildFile; fileRef = D3E61F261BC659E4004F4D53 /* FBSDKLoginKit.framework */; settings = {ASSET_TAGS = (); }; };
		D3E61F291BC7BE62004F4D53 /* MapViewController.swift in Sources */ = {isa = PBXBuildFile; fileRef = D3E61F281BC7BE62004F4D53 /* MapViewController.swift */; settings = {ASSET_TAGS = (); }; };
		D3E61F2B1BC7C244004F4D53 /* ParseAPIClient.swift in Sources */ = {isa = PBXBuildFile; fileRef = D3E61F2A1BC7C244004F4D53 /* ParseAPIClient.swift */; settings = {ASSET_TAGS = (); }; };
		D3E61F2D1BC7C2F0004F4D53 /* ParseAPIConstants.swift in Sources */ = {isa = PBXBuildFile; fileRef = D3E61F2C1BC7C2F0004F4D53 /* ParseAPIConstants.swift */; settings = {ASSET_TAGS = (); }; };
		D3E61F2F1BC7C867004F4D53 /* ParseAPIConvenience.swift in Sources */ = {isa = PBXBuildFile; fileRef = D3E61F2E1BC7C867004F4D53 /* ParseAPIConvenience.swift */; settings = {ASSET_TAGS = (); }; };
		D3EA45961BBD271D00A8F8D4 /* UdacityAPIClient.swift in Sources */ = {isa = PBXBuildFile; fileRef = D3EA45951BBD271D00A8F8D4 /* UdacityAPIClient.swift */; settings = {ASSET_TAGS = (); }; };
		D3EA45981BBD277F00A8F8D4 /* UdacityAPIConstants.swift in Sources */ = {isa = PBXBuildFile; fileRef = D3EA45971BBD277F00A8F8D4 /* UdacityAPIConstants.swift */; settings = {ASSET_TAGS = (); }; };
		D3EA459A1BBD2D5C00A8F8D4 /* UdacityAPIConvenience.swift in Sources */ = {isa = PBXBuildFile; fileRef = D3EA45991BBD2D5C00A8F8D4 /* UdacityAPIConvenience.swift */; settings = {ASSET_TAGS = (); }; };
		D3EEBA5E1BC7E42D000C9084 /* DBStudentLocation.swift in Sources */ = {isa = PBXBuildFile; fileRef = D3EEBA5D1BC7E42D000C9084 /* DBStudentLocation.swift */; settings = {ASSET_TAGS = (); }; };
/* End PBXBuildFile section */

/* Begin PBXFileReference section */
		D32421451BBBD2A300ABC598 /* OnTheMap.app */ = {isa = PBXFileReference; explicitFileType = wrapper.application; includeInIndex = 0; path = OnTheMap.app; sourceTree = BUILT_PRODUCTS_DIR; };
		D32421481BBBD2A300ABC598 /* AppDelegate.swift */ = {isa = PBXFileReference; lastKnownFileType = sourcecode.swift; path = AppDelegate.swift; sourceTree = "<group>"; };
		D324214A1BBBD2A300ABC598 /* ViewController.swift */ = {isa = PBXFileReference; lastKnownFileType = sourcecode.swift; path = ViewController.swift; sourceTree = "<group>"; };
		D324214D1BBBD2A300ABC598 /* Base */ = {isa = PBXFileReference; lastKnownFileType = file.storyboard; name = Base; path = Base.lproj/Main.storyboard; sourceTree = "<group>"; };
		D324214F1BBBD2A300ABC598 /* Assets.xcassets */ = {isa = PBXFileReference; lastKnownFileType = folder.assetcatalog; path = Assets.xcassets; sourceTree = "<group>"; };
		D32421521BBBD2A300ABC598 /* Base */ = {isa = PBXFileReference; lastKnownFileType = file.storyboard; name = Base; path = Base.lproj/LaunchScreen.storyboard; sourceTree = "<group>"; };
		D32421541BBBD2A300ABC598 /* Info.plist */ = {isa = PBXFileReference; lastKnownFileType = text.plist.xml; path = Info.plist; sourceTree = "<group>"; };
		D33FE4581BBE6DCB00214CA3 /* UdacityIdentity.png */ = {isa = PBXFileReference; lastKnownFileType = image.png; path = UdacityIdentity.png; sourceTree = "<group>"; };
		D3E61F241BC6556F004F4D53 /* FBSDKCoreKit.framework */ = {isa = PBXFileReference; lastKnownFileType = wrapper.framework; path = FBSDKCoreKit.framework; sourceTree = "<group>"; };
		D3E61F261BC659E4004F4D53 /* FBSDKLoginKit.framework */ = {isa = PBXFileReference; lastKnownFileType = wrapper.framework; path = FBSDKLoginKit.framework; sourceTree = "<group>"; };
		D3E61F281BC7BE62004F4D53 /* MapViewController.swift */ = {isa = PBXFileReference; fileEncoding = 4; lastKnownFileType = sourcecode.swift; path = MapViewController.swift; sourceTree = "<group>"; };
		D3E61F2A1BC7C244004F4D53 /* ParseAPIClient.swift */ = {isa = PBXFileReference; fileEncoding = 4; lastKnownFileType = sourcecode.swift; path = ParseAPIClient.swift; sourceTree = "<group>"; };
		D3E61F2C1BC7C2F0004F4D53 /* ParseAPIConstants.swift */ = {isa = PBXFileReference; fileEncoding = 4; lastKnownFileType = sourcecode.swift; path = ParseAPIConstants.swift; sourceTree = "<group>"; };
		D3E61F2E1BC7C867004F4D53 /* ParseAPIConvenience.swift */ = {isa = PBXFileReference; fileEncoding = 4; lastKnownFileType = sourcecode.swift; path = ParseAPIConvenience.swift; sourceTree = "<group>"; };
		D3EA45951BBD271D00A8F8D4 /* UdacityAPIClient.swift */ = {isa = PBXFileReference; fileEncoding = 4; lastKnownFileType = sourcecode.swift; path = UdacityAPIClient.swift; sourceTree = "<group>"; };
		D3EA45971BBD277F00A8F8D4 /* UdacityAPIConstants.swift */ = {isa = PBXFileReference; fileEncoding = 4; lastKnownFileType = sourcecode.swift; path = UdacityAPIConstants.swift; sourceTree = "<group>"; };
		D3EA45991BBD2D5C00A8F8D4 /* UdacityAPIConvenience.swift */ = {isa = PBXFileReference; fileEncoding = 4; lastKnownFileType = sourcecode.swift; path = UdacityAPIConvenience.swift; sourceTree = "<group>"; };
		D3EEBA5D1BC7E42D000C9084 /* DBStudentLocation.swift */ = {isa = PBXFileReference; fileEncoding = 4; lastKnownFileType = sourcecode.swift; path = DBStudentLocation.swift; sourceTree = "<group>"; };
/* End PBXFileReference section */

/* Begin PBXFrameworksBuildPhase section */
		D32421421BBBD2A300ABC598 /* Frameworks */ = {
			isa = PBXFrameworksBuildPhase;
			buildActionMask = 2147483647;
			files = (
				D3E61F271BC659E5004F4D53 /* FBSDKLoginKit.framework in Frameworks */,
				D3E61F251BC65570004F4D53 /* FBSDKCoreKit.framework in Frameworks */,
			);
			runOnlyForDeploymentPostprocessing = 0;
		};
/* End PBXFrameworksBuildPhase section */

/* Begin PBXGroup section */
		D324213C1BBBD2A300ABC598 = {
			isa = PBXGroup;
			children = (
				D32421471BBBD2A300ABC598 /* OnTheMap */,
				D32421461BBBD2A300ABC598 /* Products */,
			);
			sourceTree = "<group>";
		};
		D32421461BBBD2A300ABC598 /* Products */ = {
			isa = PBXGroup;
			children = (
				D32421451BBBD2A300ABC598 /* OnTheMap.app */,
			);
			name = Products;
			sourceTree = "<group>";
		};
		D32421471BBBD2A300ABC598 /* OnTheMap */ = {
			isa = PBXGroup;
			children = (
				D3E61F231BC65533004F4D53 /* Frameworks */,
				D324215A1BBBD42000ABC598 /* NetClient */,
				D32421481BBBD2A300ABC598 /* AppDelegate.swift */,
				D324214A1BBBD2A300ABC598 /* ViewController.swift */,
				D3E61F281BC7BE62004F4D53 /* MapViewController.swift */,
				D324214C1BBBD2A300ABC598 /* Main.storyboard */,
				D324214F1BBBD2A300ABC598 /* Assets.xcassets */,
				D33FE4581BBE6DCB00214CA3 /* UdacityIdentity.png */,
				D32421511BBBD2A300ABC598 /* LaunchScreen.storyboard */,
				D32421541BBBD2A300ABC598 /* Info.plist */,
			);
			path = OnTheMap;
			sourceTree = "<group>";
		};
		D324215A1BBBD42000ABC598 /* NetClient */ = {
			isa = PBXGroup;
			children = (
				D3EA45951BBD271D00A8F8D4 /* UdacityAPIClient.swift */,
				D3EA45971BBD277F00A8F8D4 /* UdacityAPIConstants.swift */,
				D3EA45991BBD2D5C00A8F8D4 /* UdacityAPIConvenience.swift */,
				D3E61F2A1BC7C244004F4D53 /* ParseAPIClient.swift */,
				D3E61F2C1BC7C2F0004F4D53 /* ParseAPIConstants.swift */,
				D3E61F2E1BC7C867004F4D53 /* ParseAPIConvenience.swift */,
				D3EEBA5D1BC7E42D000C9084 /* DBStudentLocation.swift */,
			);
			name = NetClient;
			sourceTree = "<group>";
		};
		D3E61F231BC65533004F4D53 /* Frameworks */ = {
			isa = PBXGroup;
			children = (
				D3E61F261BC659E4004F4D53 /* FBSDKLoginKit.framework */,
				D3E61F241BC6556F004F4D53 /* FBSDKCoreKit.framework */,
			);
			name = Frameworks;
			sourceTree = "<group>";
		};
/* End PBXGroup section */

/* Begin PBXNativeTarget section */
		D32421441BBBD2A300ABC598 /* OnTheMap */ = {
			isa = PBXNativeTarget;
			buildConfigurationList = D32421571BBBD2A300ABC598 /* Build configuration list for PBXNativeTarget "OnTheMap" */;
			buildPhases = (
				D32421411BBBD2A300ABC598 /* Sources */,
				D32421421BBBD2A300ABC598 /* Frameworks */,
				D32421431BBBD2A300ABC598 /* Resources */,
			);
			buildRules = (
			);
			dependencies = (
			);
			name = OnTheMap;
			productName = OnTheMap;
			productReference = D32421451BBBD2A300ABC598 /* OnTheMap.app */;
			productType = "com.apple.product-type.application";
		};
/* End PBXNativeTarget section */

/* Begin PBXProject section */
		D324213D1BBBD2A300ABC598 /* Project object */ = {
			isa = PBXProject;
			attributes = {
				LastUpgradeCheck = 0700;
				ORGANIZATIONNAME = 3Smurfs;
				TargetAttributes = {
					D32421441BBBD2A300ABC598 = {
						CreatedOnToolsVersion = 7.0;
						DevelopmentTeam = JZ92YFTR72;
					};
				};
			};
			buildConfigurationList = D32421401BBBD2A300ABC598 /* Build configuration list for PBXProject "OnTheMap" */;
			compatibilityVersion = "Xcode 3.2";
			developmentRegion = English;
			hasScannedForEncodings = 0;
			knownRegions = (
				en,
				Base,
			);
			mainGroup = D324213C1BBBD2A300ABC598;
			productRefGroup = D32421461BBBD2A300ABC598 /* Products */;
			projectDirPath = "";
			projectRoot = "";
			targets = (
				D32421441BBBD2A300ABC598 /* OnTheMap */,
			);
		};
/* End PBXProject section */

/* Begin PBXResourcesBuildPhase section */
		D32421431BBBD2A300ABC598 /* Resources */ = {
			isa = PBXResourcesBuildPhase;
			buildActionMask = 2147483647;
			files = (
				D32421531BBBD2A300ABC598 /* LaunchScreen.storyboard in Resources */,
				D32421501BBBD2A300ABC598 /* Assets.xcassets in Resources */,
				D324214E1BBBD2A300ABC598 /* Main.storyboard in Resources */,
				D33FE4591BBE6DCC00214CA3 /* UdacityIdentity.png in Resources */,
			);
			runOnlyForDeploymentPostprocessing = 0;
		};
/* End PBXResourcesBuildPhase section */

/* Begin PBXSourcesBuildPhase section */
		D32421411BBBD2A300ABC598 /* Sources */ = {
			isa = PBXSourcesBuildPhase;
			buildActionMask = 2147483647;
			files = (
				D3EA459A1BBD2D5C00A8F8D4 /* UdacityAPIConvenience.swift in Sources */,
				D3E61F291BC7BE62004F4D53 /* MapViewController.swift in Sources */,
				D324214B1BBBD2A300ABC598 /* ViewController.swift in Sources */,
				D3EA45981BBD277F00A8F8D4 /* UdacityAPIConstants.swift in Sources */,
				D3E61F2D1BC7C2F0004F4D53 /* ParseAPIConstants.swift in Sources */,
				D3E61F2B1BC7C244004F4D53 /* ParseAPIClient.swift in Sources */,
				D3EA45961BBD271D00A8F8D4 /* UdacityAPIClient.swift in Sources */,
				D3E61F2F1BC7C867004F4D53 /* ParseAPIConvenience.swift in Sources */,
				D3EEBA5E1BC7E42D000C9084 /* DBStudentLocation.swift in Sources */,
				D32421491BBBD2A300ABC598 /* AppDelegate.swift in Sources */,
			);
			runOnlyForDeploymentPostprocessing = 0;
		};
/* End PBXSourcesBuildPhase section */

/* Begin PBXVariantGroup section */
		D324214C1BBBD2A300ABC598 /* Main.storyboard */ = {
			isa = PBXVariantGroup;
			children = (
				D324214D1BBBD2A300ABC598 /* Base */,
			);
			name = Main.storyboard;
			sourceTree = "<group>";
		};
		D32421511BBBD2A300ABC598 /* LaunchScreen.storyboard */ = {
			isa = PBXVariantGroup;
			children = (
				D32421521BBBD2A300ABC598 /* Base */,
			);
			name = LaunchScreen.storyboard;
			sourceTree = "<group>";
		};
/* End PBXVariantGroup section */

/* Begin XCBuildConfiguration section */
		D32421551BBBD2A300ABC598 /* Debug */ = {
			isa = XCBuildConfiguration;
			buildSettings = {
				ALWAYS_SEARCH_USER_PATHS = NO;
				CLANG_CXX_LANGUAGE_STANDARD = "gnu++0x";
				CLANG_CXX_LIBRARY = "libc++";
				CLANG_ENABLE_MODULES = YES;
				CLANG_ENABLE_OBJC_ARC = YES;
				CLANG_WARN_BOOL_CONVERSION = YES;
				CLANG_WARN_CONSTANT_CONVERSION = YES;
				CLANG_WARN_DIRECT_OBJC_ISA_USAGE = YES_ERROR;
				CLANG_WARN_EMPTY_BODY = YES;
				CLANG_WARN_ENUM_CONVERSION = YES;
				CLANG_WARN_INT_CONVERSION = YES;
				CLANG_WARN_OBJC_ROOT_CLASS = YES_ERROR;
				CLANG_WARN_UNREACHABLE_CODE = YES;
				CLANG_WARN__DUPLICATE_METHOD_MATCH = YES;
				"CODE_SIGN_IDENTITY[sdk=iphoneos*]" = "iPhone Developer";
				COPY_PHASE_STRIP = NO;
				DEBUG_INFORMATION_FORMAT = dwarf;
				ENABLE_STRICT_OBJC_MSGSEND = YES;
				ENABLE_TESTABILITY = YES;
				GCC_C_LANGUAGE_STANDARD = gnu99;
				GCC_DYNAMIC_NO_PIC = NO;
				GCC_NO_COMMON_BLOCKS = YES;
				GCC_OPTIMIZATION_LEVEL = 0;
				GCC_PREPROCESSOR_DEFINITIONS = (
					"DEBUG=1",
					"$(inherited)",
				);
				GCC_WARN_64_TO_32_BIT_CONVERSION = YES;
				GCC_WARN_ABOUT_RETURN_TYPE = YES_ERROR;
				GCC_WARN_UNDECLARED_SELECTOR = YES;
				GCC_WARN_UNINITIALIZED_AUTOS = YES_AGGRESSIVE;
				GCC_WARN_UNUSED_FUNCTION = YES;
				GCC_WARN_UNUSED_VARIABLE = YES;
				IPHONEOS_DEPLOYMENT_TARGET = 9.0;
				MTL_ENABLE_DEBUG_INFO = YES;
				ONLY_ACTIVE_ARCH = YES;
				SDKROOT = iphoneos;
				SWIFT_OPTIMIZATION_LEVEL = "-Onone";
				TARGETED_DEVICE_FAMILY = "1,2";
			};
			name = Debug;
		};
		D32421561BBBD2A300ABC598 /* Release */ = {
			isa = XCBuildConfiguration;
			buildSettings = {
				ALWAYS_SEARCH_USER_PATHS = NO;
				CLANG_CXX_LANGUAGE_STANDARD = "gnu++0x";
				CLANG_CXX_LIBRARY = "libc++";
				CLANG_ENABLE_MODULES = YES;
				CLANG_ENABLE_OBJC_ARC = YES;
				CLANG_WARN_BOOL_CONVERSION = YES;
				CLANG_WARN_CONSTANT_CONVERSION = YES;
				CLANG_WARN_DIRECT_OBJC_ISA_USAGE = YES_ERROR;
				CLANG_WARN_EMPTY_BODY = YES;
				CLANG_WARN_ENUM_CONVERSION = YES;
				CLANG_WARN_INT_CONVERSION = YES;
				CLANG_WARN_OBJC_ROOT_CLASS = YES_ERROR;
				CLANG_WARN_UNREACHABLE_CODE = YES;
				CLANG_WARN__DUPLICATE_METHOD_MATCH = YES;
				"CODE_SIGN_IDENTITY[sdk=iphoneos*]" = "iPhone Developer";
				COPY_PHASE_STRIP = NO;
				DEBUG_INFORMATION_FORMAT = "dwarf-with-dsym";
				ENABLE_NS_ASSERTIONS = NO;
				ENABLE_STRICT_OBJC_MSGSEND = YES;
				GCC_C_LANGUAGE_STANDARD = gnu99;
				GCC_NO_COMMON_BLOCKS = YES;
				GCC_WARN_64_TO_32_BIT_CONVERSION = YES;
				GCC_WARN_ABOUT_RETURN_TYPE = YES_ERROR;
				GCC_WARN_UNDECLARED_SELECTOR = YES;
				GCC_WARN_UNINITIALIZED_AUTOS = YES_AGGRESSIVE;
				GCC_WARN_UNUSED_FUNCTION = YES;
				GCC_WARN_UNUSED_VARIABLE = YES;
				IPHONEOS_DEPLOYMENT_TARGET = 9.0;
				MTL_ENABLE_DEBUG_INFO = NO;
				SDKROOT = iphoneos;
				TARGETED_DEVICE_FAMILY = "1,2";
				VALIDATE_PRODUCT = YES;
			};
			name = Release;
		};
		D32421581BBBD2A300ABC598 /* Debug */ = {
			isa = XCBuildConfiguration;
			buildSettings = {
				ASSETCATALOG_COMPILER_APPICON_NAME = AppIcon;
				FRAMEWORK_SEARCH_PATHS = (
					"$(inherited)",
					"$(PROJECT_DIR)/OnTheMap",
				);
				INFOPLIST_FILE = OnTheMap/Info.plist;
				IPHONEOS_DEPLOYMENT_TARGET = 9.0;
				LD_RUNPATH_SEARCH_PATHS = "$(inherited) @executable_path/Frameworks";
				PRODUCT_BUNDLE_IDENTIFIER = "-smurfs.com.OnTheMap";
				PRODUCT_NAME = "$(TARGET_NAME)";
			};
			name = Debug;
		};
		D32421591BBBD2A300ABC598 /* Release */ = {
			isa = XCBuildConfiguration;
			buildSettings = {
				ASSETCATALOG_COMPILER_APPICON_NAME = AppIcon;
				FRAMEWORK_SEARCH_PATHS = (
					"$(inherited)",
					"$(PROJECT_DIR)/OnTheMap",
				);
				INFOPLIST_FILE = OnTheMap/Info.plist;
				IPHONEOS_DEPLOYMENT_TARGET = 9.0;
				LD_RUNPATH_SEARCH_PATHS = "$(inherited) @executable_path/Frameworks";
				PRODUCT_BUNDLE_IDENTIFIER = "-smurfs.com.OnTheMap";
				PRODUCT_NAME = "$(TARGET_NAME)";
			};
			name = Release;
		};
/* End XCBuildConfiguration section */

/* Begin XCConfigurationList section */
		D32421401BBBD2A300ABC598 /* Build configuration list for PBXProject "OnTheMap" */ = {
			isa = XCConfigurationList;
			buildConfigurations = (
				D32421551BBBD2A300ABC598 /* Debug */,
				D32421561BBBD2A300ABC598 /* Release */,
			);
			defaultConfigurationIsVisible = 0;
			defaultConfigurationName = Release;
		};
		D32421571BBBD2A300ABC598 /* Build configuration list for PBXNativeTarget "OnTheMap" */ = {
			isa = XCConfigurationList;
			buildConfigurations = (
				D32421581BBBD2A300ABC598 /* Debug */,
				D32421591BBBD2A300ABC598 /* Release */,
			);
			defaultConfigurationIsVisible = 0;
			defaultConfigurationName = Release;
		};
/* End XCConfigurationList section */
	};
	rootObject = D324213D1BBBD2A300ABC598 /* Project object */;
}
